
Microsoft Visual Studio Solution File, Format Version 12.00
Project("{FAE04EC0-301F-11D3-BF4B-00C04F79EFBC}") = "TFTest", "TFTest\TFTest.csproj", "{52B8BD99-8D1C-425A-AE24-6E3670793973}"
EndProject
Global
	GlobalSection(SolutionConfigurationPlatforms) = preSolution
		Debug|Any CPU = Debug|Any CPU
		Release|Any CPU = Release|Any CPU
	EndGlobalSection
	GlobalSection(ProjectConfigurationPlatforms) = postSolution
		{52B8BD99-8D1C-425A-AE24-6E3670793973}.Debug|Any CPU.ActiveCfg = Debug|Any CPU
		{52B8BD99-8D1C-425A-AE24-6E3670793973}.Debug|Any CPU.Build.0 = Debug|Any CPU
		{52B8BD99-8D1C-425A-AE24-6E3670793973}.Release|Any CPU.ActiveCfg = Release|Any CPU
		{52B8BD99-8D1C-425A-AE24-6E3670793973}.Release|Any CPU.Build.0 = Release|Any CPU
	EndGlobalSection
EndGlobal
